
Microsoft Visual Studio Solution File, Format Version 12.00
# Visual Studio Version 16
VisualStudioVersion = 16.0.32002.261
MinimumVisualStudioVersion = 10.0.40219.1
Project("{9A19103F-16F7-4668-BE54-9A1E7A4F7556}") = "POCApiFinal", "POCApiFinal\POCApiFinal.csproj", "{1FCC4515-6C77-4FCE-A472-8256ADA4F856}"
EndProject
Project("{FAE04EC0-301F-11D3-BF4B-00C04F79EFBC}") = "POCApi.Tests", "POCApi.Tests\POCApi.Tests.csproj", "{BEFE9449-DA17-49B8-874D-4645E0F59F8D}"
EndProject
Global
	GlobalSection(SolutionConfigurationPlatforms) = preSolution
		Debug|Any CPU = Debug|Any CPU
		Release|Any CPU = Release|Any CPU
	EndGlobalSection
	GlobalSection(ProjectConfigurationPlatforms) = postSolution
		{1FCC4515-6C77-4FCE-A472-8256ADA4F856}.Debug|Any CPU.ActiveCfg = Debug|Any CPU
		{1FCC4515-6C77-4FCE-A472-8256ADA4F856}.Debug|Any CPU.Build.0 = Debug|Any CPU
		{1FCC4515-6C77-4FCE-A472-8256ADA4F856}.Release|Any CPU.ActiveCfg = Release|Any CPU
		{1FCC4515-6C77-4FCE-A472-8256ADA4F856}.Release|Any CPU.Build.0 = Release|Any CPU
		{BEFE9449-DA17-49B8-874D-4645E0F59F8D}.Debug|Any CPU.ActiveCfg = Debug|Any CPU
		{BEFE9449-DA17-49B8-874D-4645E0F59F8D}.Debug|Any CPU.Build.0 = Debug|Any CPU
		{BEFE9449-DA17-49B8-874D-4645E0F59F8D}.Release|Any CPU.ActiveCfg = Release|Any CPU
		{BEFE9449-DA17-49B8-874D-4645E0F59F8D}.Release|Any CPU.Build.0 = Release|Any CPU
	EndGlobalSection
	GlobalSection(SolutionProperties) = preSolution
		HideSolutionNode = FALSE
	EndGlobalSection
	GlobalSection(ExtensibilityGlobals) = postSolution
		SolutionGuid = {AD4FC8A7-1627-47FC-88FD-639E5C289697}
	EndGlobalSection
EndGlobal
